
Microsoft Visual Studio Solution File, Format Version 12.00
# Visual Studio Version 17
VisualStudioVersion = 17.8.34309.116
MinimumVisualStudioVersion = 10.0.40219.1
Project("{2150E333-8FDC-42A3-9474-1A3956D46DE8}") = "src", "src", "{2899F48C-D023-4C4A-A8B1-D23CCA0DA289}"
EndProject
Project("{9A19103F-16F7-4668-BE54-9A1E7A4F7556}") = "Agent.API", "src\Agent.API\Agent.API.csproj", "{0EF25294-DEFB-4A03-B636-B4A449D1AFD5}"
EndProject
Project("{9A19103F-16F7-4668-BE54-9A1E7A4F7556}") = "Agent.Data", "src\Agent.Data\Agent.Data.csproj", "{93D9EA1B-2D62-40E4-8C73-EFCB6E5B7737}"
EndProject
Project("{9A19103F-16F7-4668-BE54-9A1E7A4F7556}") = "Agent.Client", "src\Agent.Client\Agent.Client.csproj", "{805DA269-A188-4C0F-B919-6668D08C81E6}"
EndProject
Global
	GlobalSection(SolutionConfigurationPlatforms) = preSolution
		Debug|Any CPU = Debug|Any CPU
		Release|Any CPU = Release|Any CPU
	EndGlobalSection
	GlobalSection(ProjectConfigurationPlatforms) = postSolution
		{0EF25294-DEFB-4A03-B636-B4A449D1AFD5}.Debug|Any CPU.ActiveCfg = Debug|Any CPU
		{0EF25294-DEFB-4A03-B636-B4A449D1AFD5}.Debug|Any CPU.Build.0 = Debug|Any CPU
		{0EF25294-DEFB-4A03-B636-B4A449D1AFD5}.Release|Any CPU.ActiveCfg = Release|Any CPU
		{0EF25294-DEFB-4A03-B636-B4A449D1AFD5}.Release|Any CPU.Build.0 = Release|Any CPU
		{93D9EA1B-2D62-40E4-8C73-EFCB6E5B7737}.Debug|Any CPU.ActiveCfg = Debug|Any CPU
		{93D9EA1B-2D62-40E4-8C73-EFCB6E5B7737}.Debug|Any CPU.Build.0 = Debug|Any CPU
		{93D9EA1B-2D62-40E4-8C73-EFCB6E5B7737}.Release|Any CPU.ActiveCfg = Release|Any CPU
		{93D9EA1B-2D62-40E4-8C73-EFCB6E5B7737}.Release|Any CPU.Build.0 = Release|Any CPU
		{805DA269-A188-4C0F-B919-6668D08C81E6}.Debug|Any CPU.ActiveCfg = Debug|Any CPU
		{805DA269-A188-4C0F-B919-6668D08C81E6}.Debug|Any CPU.Build.0 = Debug|Any CPU
		{805DA269-A188-4C0F-B919-6668D08C81E6}.Release|Any CPU.ActiveCfg = Release|Any CPU
		{805DA269-A188-4C0F-B919-6668D08C81E6}.Release|Any CPU.Build.0 = Release|Any CPU
	EndGlobalSection
	GlobalSection(SolutionProperties) = preSolution
		HideSolutionNode = FALSE
	EndGlobalSection
	GlobalSection(NestedProjects) = preSolution
		{0EF25294-DEFB-4A03-B636-B4A449D1AFD5} = {2899F48C-D023-4C4A-A8B1-D23CCA0DA289}
		{93D9EA1B-2D62-40E4-8C73-EFCB6E5B7737} = {2899F48C-D023-4C4A-A8B1-D23CCA0DA289}
		{805DA269-A188-4C0F-B919-6668D08C81E6} = {2899F48C-D023-4C4A-A8B1-D23CCA0DA289}
	EndGlobalSection
	GlobalSection(ExtensibilityGlobals) = postSolution
		SolutionGuid = {64825263-DEB9-4244-82D1-4B2A3E0C17D8}
	EndGlobalSection
EndGlobal
